
Microsoft Visual Studio Solution File, Format Version 12.00
# Visual Studio Version 17
VisualStudioVersion = 17.0.31903.59
MinimumVisualStudioVersion = 10.0.40219.1
Project("{FAE04EC0-301F-11D3-BF4B-00C04F79EFBC}") = "Quiz1", "Quiz1\Quiz1.csproj", "{0C502CEF-5BD3-453C-B104-18E8CD33222B}"
EndProject
Project("{FAE04EC0-301F-11D3-BF4B-00C04F79EFBC}") = "Quiz2", "Quiz2\Quiz2.csproj", "{A4402DD5-FF7C-4DFC-AFAF-AFD48CBC4628}"
EndProject
Project("{FAE04EC0-301F-11D3-BF4B-00C04F79EFBC}") = "Quiz3", "Quiz3\Quiz3.csproj", "{0E3E4245-D16A-43E4-9609-D5A59D8A21AE}"
EndProject
Project("{FAE04EC0-301F-11D3-BF4B-00C04F79EFBC}") = "Quiz4", "Quiz4\Quiz4.csproj", "{8ED29649-DA6A-4A2B-B157-C6E93BCBF896}"
EndProject
Project("{FAE04EC0-301F-11D3-BF4B-00C04F79EFBC}") = "Quiz6", "Quiz6\Quiz6.csproj", "{290E365B-92DE-4D9F-A9E8-35B69ECA4CEE}"
EndProject
Global
	GlobalSection(SolutionConfigurationPlatforms) = preSolution
		Debug|Any CPU = Debug|Any CPU
		Release|Any CPU = Release|Any CPU
	EndGlobalSection
	GlobalSection(SolutionProperties) = preSolution
		HideSolutionNode = FALSE
	EndGlobalSection
	GlobalSection(ProjectConfigurationPlatforms) = postSolution
		{0C502CEF-5BD3-453C-B104-18E8CD33222B}.Debug|Any CPU.ActiveCfg = Debug|Any CPU
		{0C502CEF-5BD3-453C-B104-18E8CD33222B}.Debug|Any CPU.Build.0 = Debug|Any CPU
		{0C502CEF-5BD3-453C-B104-18E8CD33222B}.Release|Any CPU.ActiveCfg = Release|Any CPU
		{0C502CEF-5BD3-453C-B104-18E8CD33222B}.Release|Any CPU.Build.0 = Release|Any CPU
		{A4402DD5-FF7C-4DFC-AFAF-AFD48CBC4628}.Debug|Any CPU.ActiveCfg = Debug|Any CPU
		{A4402DD5-FF7C-4DFC-AFAF-AFD48CBC4628}.Debug|Any CPU.Build.0 = Debug|Any CPU
		{A4402DD5-FF7C-4DFC-AFAF-AFD48CBC4628}.Release|Any CPU.ActiveCfg = Release|Any CPU
		{A4402DD5-FF7C-4DFC-AFAF-AFD48CBC4628}.Release|Any CPU.Build.0 = Release|Any CPU
		{0E3E4245-D16A-43E4-9609-D5A59D8A21AE}.Debug|Any CPU.ActiveCfg = Debug|Any CPU
		{0E3E4245-D16A-43E4-9609-D5A59D8A21AE}.Debug|Any CPU.Build.0 = Debug|Any CPU
		{0E3E4245-D16A-43E4-9609-D5A59D8A21AE}.Release|Any CPU.ActiveCfg = Release|Any CPU
		{0E3E4245-D16A-43E4-9609-D5A59D8A21AE}.Release|Any CPU.Build.0 = Release|Any CPU
		{8ED29649-DA6A-4A2B-B157-C6E93BCBF896}.Debug|Any CPU.ActiveCfg = Debug|Any CPU
		{8ED29649-DA6A-4A2B-B157-C6E93BCBF896}.Debug|Any CPU.Build.0 = Debug|Any CPU
		{8ED29649-DA6A-4A2B-B157-C6E93BCBF896}.Release|Any CPU.ActiveCfg = Release|Any CPU
		{8ED29649-DA6A-4A2B-B157-C6E93BCBF896}.Release|Any CPU.Build.0 = Release|Any CPU
		{290E365B-92DE-4D9F-A9E8-35B69ECA4CEE}.Debug|Any CPU.ActiveCfg = Debug|Any CPU
		{290E365B-92DE-4D9F-A9E8-35B69ECA4CEE}.Debug|Any CPU.Build.0 = Debug|Any CPU
		{290E365B-92DE-4D9F-A9E8-35B69ECA4CEE}.Release|Any CPU.ActiveCfg = Release|Any CPU
		{290E365B-92DE-4D9F-A9E8-35B69ECA4CEE}.Release|Any CPU.Build.0 = Release|Any CPU
	EndGlobalSection
EndGlobal
